
Microsoft Visual Studio Solution File, Format Version 12.00
# Visual Studio Version 17
VisualStudioVersion = 17.5.33516.290
MinimumVisualStudioVersion = 10.0.40219.1
Project("{2150E333-8FDC-42A3-9474-1A3956D46DE8}") = "src", "src", "{93BD55D2-78AD-41AC-9584-315A803C25F8}"
EndProject
Project("{2150E333-8FDC-42A3-9474-1A3956D46DE8}") = "test", "test", "{92A2A41A-A057-41B7-9549-A1E2EC8A94A4}"
EndProject
Project("{FAE04EC0-301F-11D3-BF4B-00C04F79EFBC}") = "Forest.App", "src\Forest.App\Forest.App.csproj", "{349CD8FE-3AF9-4EA5-9EA0-5318FB20E123}"
EndProject
Project("{FAE04EC0-301F-11D3-BF4B-00C04F79EFBC}") = "Forest.Data", "src\Forest.Data\Forest.Data.csproj", "{2F5CE516-BF3B-4B33-951F-2DC8BCF08E43}"
EndProject
Project("{FAE04EC0-301F-11D3-BF4B-00C04F79EFBC}") = "Forest.Calculators", "src\Forest.Calculators\Forest.Calculators.csproj", "{A7090218-547D-412B-A4F5-F80C8B4890F3}"
EndProject
Project("{FAE04EC0-301F-11D3-BF4B-00C04F79EFBC}") = "Forest.Calculators.Test", "test\Forest.Calculators.Test\Forest.Calculators.Test.csproj", "{9B8172A0-8896-4B96-A03D-6FF4043220DE}"
EndProject
Project("{FAE04EC0-301F-11D3-BF4B-00C04F79EFBC}") = "Forest.Storage", "src\Forest.Storage\Forest.Storage.csproj", "{A5C2B4E5-1758-4B14-800E-E3F2AA64EA64}"
EndProject
Project("{FAE04EC0-301F-11D3-BF4B-00C04F79EFBC}") = "Forest.Storage.Test", "test\Forest.Storage.Test\Forest.Storage.Test.csproj", "{4D5DF694-026F-4E49-926C-45A453573191}"
EndProject
Project("{FAE04EC0-301F-11D3-BF4B-00C04F79EFBC}") = "Forest.Messaging", "src\Forest.Messaging\Forest.Messaging.csproj", "{7F6BB180-3B8C-4761-8BB6-E7562FB37895}"
EndProject
Project("{FAE04EC0-301F-11D3-BF4B-00C04F79EFBC}") = "Forest.Gui.Test", "test\Forest.Gui.Test\Forest.Gui.Test.csproj", "{42800156-F7F8-41C8-90F4-95B89CCADA1F}"
EndProject
Project("{FAE04EC0-301F-11D3-BF4B-00C04F79EFBC}") = "Forest.IO", "src\Forest.IO\Forest.IO.csproj", "{64AC0A2F-B6D4-45C8-812B-AAC0BAEC1D11}"
EndProject
Project("{FAE04EC0-301F-11D3-BF4B-00C04F79EFBC}") = "Forest.IO.Test", "test\Forest.IO.Test\Forest.IO.Test.csproj", "{760CDEE8-D145-4D26-9AD8-6DE0ABBC3BE9}"
EndProject
Project("{FAE04EC0-301F-11D3-BF4B-00C04F79EFBC}") = "Forest.Data.Test", "test\Forest.Data.Test\Forest.Data.Test.csproj", "{7F9C8753-4953-47B3-B8C4-D3170D80E10A}"
EndProject
Project("{FAE04EC0-301F-11D3-BF4B-00C04F79EFBC}") = "Forest.TestHelpers", "test\Forest.TestHelpers\Forest.TestHelpers.csproj", "{24D09D6E-5221-4612-8A93-06F2EAA35401}"
EndProject
Project("{930C7802-8A8C-48F9-8165-68863BCCD9DD}") = "Forest.Setup", "src\Forest.Setup\Forest.Setup.wixproj", "{6C9A9D70-DD9C-4380-B915-6B1AB23E00DF}"
EndProject
Project("{FAE04EC0-301F-11D3-BF4B-00C04F79EFBC}") = "Forest.Visualization", "src\Forest.Visualization\Forest.Visualization.csproj", "{354E5594-846B-499E-BCE6-2E8DE93B928C}"
EndProject
Project("{FAE04EC0-301F-11D3-BF4B-00C04F79EFBC}") = "Forest.Gui.Components", "src\Forest.Gui.Components\Forest.Gui.Components.csproj", "{5ACE288D-CC7F-47D4-8A2A-2764101BC5E6}"
EndProject
Global
	GlobalSection(SolutionConfigurationPlatforms) = preSolution
		Debug|Any CPU = Debug|Any CPU
		Debug|x86 = Debug|x86
		Release|Any CPU = Release|Any CPU
		Release|x86 = Release|x86
	EndGlobalSection
	GlobalSection(ProjectConfigurationPlatforms) = postSolution
		{349CD8FE-3AF9-4EA5-9EA0-5318FB20E123}.Debug|Any CPU.ActiveCfg = Debug|x86
		{349CD8FE-3AF9-4EA5-9EA0-5318FB20E123}.Debug|Any CPU.Build.0 = Debug|x86
		{349CD8FE-3AF9-4EA5-9EA0-5318FB20E123}.Debug|x86.ActiveCfg = Debug|x86
		{349CD8FE-3AF9-4EA5-9EA0-5318FB20E123}.Debug|x86.Build.0 = Debug|x86
		{349CD8FE-3AF9-4EA5-9EA0-5318FB20E123}.Release|Any CPU.ActiveCfg = Release|x86
		{349CD8FE-3AF9-4EA5-9EA0-5318FB20E123}.Release|Any CPU.Build.0 = Release|x86
		{349CD8FE-3AF9-4EA5-9EA0-5318FB20E123}.Release|x86.ActiveCfg = Release|x86
		{349CD8FE-3AF9-4EA5-9EA0-5318FB20E123}.Release|x86.Build.0 = Release|x86
		{2F5CE516-BF3B-4B33-951F-2DC8BCF08E43}.Debug|Any CPU.ActiveCfg = Debug|x86
		{2F5CE516-BF3B-4B33-951F-2DC8BCF08E43}.Debug|Any CPU.Build.0 = Debug|x86
		{2F5CE516-BF3B-4B33-951F-2DC8BCF08E43}.Debug|x86.ActiveCfg = Debug|x86
		{2F5CE516-BF3B-4B33-951F-2DC8BCF08E43}.Debug|x86.Build.0 = Debug|x86
		{2F5CE516-BF3B-4B33-951F-2DC8BCF08E43}.Release|Any CPU.ActiveCfg = Release|x86
		{2F5CE516-BF3B-4B33-951F-2DC8BCF08E43}.Release|Any CPU.Build.0 = Release|x86
		{2F5CE516-BF3B-4B33-951F-2DC8BCF08E43}.Release|x86.ActiveCfg = Release|x86
		{2F5CE516-BF3B-4B33-951F-2DC8BCF08E43}.Release|x86.Build.0 = Release|x86
		{A7090218-547D-412B-A4F5-F80C8B4890F3}.Debug|Any CPU.ActiveCfg = Debug|x86
		{A7090218-547D-412B-A4F5-F80C8B4890F3}.Debug|Any CPU.Build.0 = Debug|x86
		{A7090218-547D-412B-A4F5-F80C8B4890F3}.Debug|x86.ActiveCfg = Debug|x86
		{A7090218-547D-412B-A4F5-F80C8B4890F3}.Debug|x86.Build.0 = Debug|x86
		{A7090218-547D-412B-A4F5-F80C8B4890F3}.Release|Any CPU.ActiveCfg = Release|x86
		{A7090218-547D-412B-A4F5-F80C8B4890F3}.Release|Any CPU.Build.0 = Release|x86
		{A7090218-547D-412B-A4F5-F80C8B4890F3}.Release|x86.ActiveCfg = Release|x86
		{A7090218-547D-412B-A4F5-F80C8B4890F3}.Release|x86.Build.0 = Release|x86
		{9B8172A0-8896-4B96-A03D-6FF4043220DE}.Debug|Any CPU.ActiveCfg = Debug|x86
		{9B8172A0-8896-4B96-A03D-6FF4043220DE}.Debug|Any CPU.Build.0 = Debug|x86
		{9B8172A0-8896-4B96-A03D-6FF4043220DE}.Debug|x86.ActiveCfg = Debug|x86
		{9B8172A0-8896-4B96-A03D-6FF4043220DE}.Debug|x86.Build.0 = Debug|x86
		{9B8172A0-8896-4B96-A03D-6FF4043220DE}.Release|Any CPU.ActiveCfg = Release|x86
		{9B8172A0-8896-4B96-A03D-6FF4043220DE}.Release|Any CPU.Build.0 = Release|x86
		{9B8172A0-8896-4B96-A03D-6FF4043220DE}.Release|x86.ActiveCfg = Release|x86
		{9B8172A0-8896-4B96-A03D-6FF4043220DE}.Release|x86.Build.0 = Release|x86
		{A5C2B4E5-1758-4B14-800E-E3F2AA64EA64}.Debug|Any CPU.ActiveCfg = Debug|x86
		{A5C2B4E5-1758-4B14-800E-E3F2AA64EA64}.Debug|Any CPU.Build.0 = Debug|x86
		{A5C2B4E5-1758-4B14-800E-E3F2AA64EA64}.Debug|x86.ActiveCfg = Debug|x86
		{A5C2B4E5-1758-4B14-800E-E3F2AA64EA64}.Debug|x86.Build.0 = Debug|x86
		{A5C2B4E5-1758-4B14-800E-E3F2AA64EA64}.Release|Any CPU.ActiveCfg = Release|x86
		{A5C2B4E5-1758-4B14-800E-E3F2AA64EA64}.Release|Any CPU.Build.0 = Release|x86
		{A5C2B4E5-1758-4B14-800E-E3F2AA64EA64}.Release|x86.ActiveCfg = Release|x86
		{A5C2B4E5-1758-4B14-800E-E3F2AA64EA64}.Release|x86.Build.0 = Release|x86
		{4D5DF694-026F-4E49-926C-45A453573191}.Debug|Any CPU.ActiveCfg = Debug|x86
		{4D5DF694-026F-4E49-926C-45A453573191}.Debug|Any CPU.Build.0 = Debug|x86
		{4D5DF694-026F-4E49-926C-45A453573191}.Debug|x86.ActiveCfg = Debug|x86
		{4D5DF694-026F-4E49-926C-45A453573191}.Debug|x86.Build.0 = Debug|x86
		{4D5DF694-026F-4E49-926C-45A453573191}.Release|Any CPU.ActiveCfg = Release|x86
		{4D5DF694-026F-4E49-926C-45A453573191}.Release|Any CPU.Build.0 = Release|x86
		{4D5DF694-026F-4E49-926C-45A453573191}.Release|x86.ActiveCfg = Release|x86
		{4D5DF694-026F-4E49-926C-45A453573191}.Release|x86.Build.0 = Release|x86
		{7F6BB180-3B8C-4761-8BB6-E7562FB37895}.Debug|Any CPU.ActiveCfg = Debug|x86
		{7F6BB180-3B8C-4761-8BB6-E7562FB37895}.Debug|Any CPU.Build.0 = Debug|x86
		{7F6BB180-3B8C-4761-8BB6-E7562FB37895}.Debug|x86.ActiveCfg = Debug|x86
		{7F6BB180-3B8C-4761-8BB6-E7562FB37895}.Debug|x86.Build.0 = Debug|x86
		{7F6BB180-3B8C-4761-8BB6-E7562FB37895}.Release|Any CPU.ActiveCfg = Release|x86
		{7F6BB180-3B8C-4761-8BB6-E7562FB37895}.Release|Any CPU.Build.0 = Release|x86
		{7F6BB180-3B8C-4761-8BB6-E7562FB37895}.Release|x86.ActiveCfg = Release|x86
		{7F6BB180-3B8C-4761-8BB6-E7562FB37895}.Release|x86.Build.0 = Release|x86
		{42800156-F7F8-41C8-90F4-95B89CCADA1F}.Debug|Any CPU.ActiveCfg = Debug|x86
		{42800156-F7F8-41C8-90F4-95B89CCADA1F}.Debug|Any CPU.Build.0 = Debug|x86
		{42800156-F7F8-41C8-90F4-95B89CCADA1F}.Debug|x86.ActiveCfg = Debug|x86
		{42800156-F7F8-41C8-90F4-95B89CCADA1F}.Debug|x86.Build.0 = Debug|x86
		{42800156-F7F8-41C8-90F4-95B89CCADA1F}.Release|Any CPU.ActiveCfg = Release|x86
		{42800156-F7F8-41C8-90F4-95B89CCADA1F}.Release|Any CPU.Build.0 = Release|x86
		{42800156-F7F8-41C8-90F4-95B89CCADA1F}.Release|x86.ActiveCfg = Release|x86
		{42800156-F7F8-41C8-90F4-95B89CCADA1F}.Release|x86.Build.0 = Release|x86
		{64AC0A2F-B6D4-45C8-812B-AAC0BAEC1D11}.Debug|Any CPU.ActiveCfg = Debug|x86
		{64AC0A2F-B6D4-45C8-812B-AAC0BAEC1D11}.Debug|Any CPU.Build.0 = Debug|x86
		{64AC0A2F-B6D4-45C8-812B-AAC0BAEC1D11}.Debug|x86.ActiveCfg = Debug|x86
		{64AC0A2F-B6D4-45C8-812B-AAC0BAEC1D11}.Debug|x86.Build.0 = Debug|x86
		{64AC0A2F-B6D4-45C8-812B-AAC0BAEC1D11}.Release|Any CPU.ActiveCfg = Release|x86
		{64AC0A2F-B6D4-45C8-812B-AAC0BAEC1D11}.Release|Any CPU.Build.0 = Release|x86
		{64AC0A2F-B6D4-45C8-812B-AAC0BAEC1D11}.Release|x86.ActiveCfg = Release|x86
		{64AC0A2F-B6D4-45C8-812B-AAC0BAEC1D11}.Release|x86.Build.0 = Release|x86
		{760CDEE8-D145-4D26-9AD8-6DE0ABBC3BE9}.Debug|Any CPU.ActiveCfg = Debug|x86
		{760CDEE8-D145-4D26-9AD8-6DE0ABBC3BE9}.Debug|Any CPU.Build.0 = Debug|x86
		{760CDEE8-D145-4D26-9AD8-6DE0ABBC3BE9}.Debug|x86.ActiveCfg = Debug|x86
		{760CDEE8-D145-4D26-9AD8-6DE0ABBC3BE9}.Debug|x86.Build.0 = Debug|x86
		{760CDEE8-D145-4D26-9AD8-6DE0ABBC3BE9}.Release|Any CPU.ActiveCfg = Release|x86
		{760CDEE8-D145-4D26-9AD8-6DE0ABBC3BE9}.Release|Any CPU.Build.0 = Release|x86
		{760CDEE8-D145-4D26-9AD8-6DE0ABBC3BE9}.Release|x86.ActiveCfg = Release|x86
		{760CDEE8-D145-4D26-9AD8-6DE0ABBC3BE9}.Release|x86.Build.0 = Release|x86
		{7F9C8753-4953-47B3-B8C4-D3170D80E10A}.Debug|Any CPU.ActiveCfg = Debug|x86
		{7F9C8753-4953-47B3-B8C4-D3170D80E10A}.Debug|Any CPU.Build.0 = Debug|x86
		{7F9C8753-4953-47B3-B8C4-D3170D80E10A}.Debug|x86.ActiveCfg = Debug|x86
		{7F9C8753-4953-47B3-B8C4-D3170D80E10A}.Debug|x86.Build.0 = Debug|x86
		{7F9C8753-4953-47B3-B8C4-D3170D80E10A}.Release|Any CPU.ActiveCfg = Release|x86
		{7F9C8753-4953-47B3-B8C4-D3170D80E10A}.Release|Any CPU.Build.0 = Release|x86
		{7F9C8753-4953-47B3-B8C4-D3170D80E10A}.Release|x86.ActiveCfg = Release|x86
		{7F9C8753-4953-47B3-B8C4-D3170D80E10A}.Release|x86.Build.0 = Release|x86
		{24D09D6E-5221-4612-8A93-06F2EAA35401}.Debug|Any CPU.ActiveCfg = Debug|x86
		{24D09D6E-5221-4612-8A93-06F2EAA35401}.Debug|Any CPU.Build.0 = Debug|x86
		{24D09D6E-5221-4612-8A93-06F2EAA35401}.Debug|x86.ActiveCfg = Debug|x86
		{24D09D6E-5221-4612-8A93-06F2EAA35401}.Debug|x86.Build.0 = Debug|x86
		{24D09D6E-5221-4612-8A93-06F2EAA35401}.Release|Any CPU.ActiveCfg = Release|x86
		{24D09D6E-5221-4612-8A93-06F2EAA35401}.Release|Any CPU.Build.0 = Release|x86
		{24D09D6E-5221-4612-8A93-06F2EAA35401}.Release|x86.ActiveCfg = Release|x86
		{24D09D6E-5221-4612-8A93-06F2EAA35401}.Release|x86.Build.0 = Release|x86
		{6C9A9D70-DD9C-4380-B915-6B1AB23E00DF}.Debug|Any CPU.ActiveCfg = Debug|x86
		{6C9A9D70-DD9C-4380-B915-6B1AB23E00DF}.Debug|x86.ActiveCfg = Debug|x86
		{6C9A9D70-DD9C-4380-B915-6B1AB23E00DF}.Debug|x86.Build.0 = Debug|x86
		{6C9A9D70-DD9C-4380-B915-6B1AB23E00DF}.Release|Any CPU.ActiveCfg = Release|x86
		{6C9A9D70-DD9C-4380-B915-6B1AB23E00DF}.Release|x86.ActiveCfg = Release|x86
		{6C9A9D70-DD9C-4380-B915-6B1AB23E00DF}.Release|x86.Build.0 = Release|x86
		{354E5594-846B-499E-BCE6-2E8DE93B928C}.Debug|Any CPU.ActiveCfg = Debug|x86
		{354E5594-846B-499E-BCE6-2E8DE93B928C}.Debug|Any CPU.Build.0 = Debug|x86
		{354E5594-846B-499E-BCE6-2E8DE93B928C}.Debug|x86.ActiveCfg = Debug|x86
		{354E5594-846B-499E-BCE6-2E8DE93B928C}.Debug|x86.Build.0 = Debug|x86
		{354E5594-846B-499E-BCE6-2E8DE93B928C}.Release|Any CPU.ActiveCfg = Release|x86
		{354E5594-846B-499E-BCE6-2E8DE93B928C}.Release|Any CPU.Build.0 = Release|x86
		{354E5594-846B-499E-BCE6-2E8DE93B928C}.Release|x86.ActiveCfg = Release|x86
		{354E5594-846B-499E-BCE6-2E8DE93B928C}.Release|x86.Build.0 = Release|x86
		{5ACE288D-CC7F-47D4-8A2A-2764101BC5E6}.Debug|Any CPU.ActiveCfg = Debug|x86
		{5ACE288D-CC7F-47D4-8A2A-2764101BC5E6}.Debug|Any CPU.Build.0 = Debug|x86
		{5ACE288D-CC7F-47D4-8A2A-2764101BC5E6}.Debug|x86.ActiveCfg = Debug|x86
		{5ACE288D-CC7F-47D4-8A2A-2764101BC5E6}.Debug|x86.Build.0 = Debug|x86
		{5ACE288D-CC7F-47D4-8A2A-2764101BC5E6}.Release|Any CPU.ActiveCfg = Release|x86
		{5ACE288D-CC7F-47D4-8A2A-2764101BC5E6}.Release|Any CPU.Build.0 = Release|x86
		{5ACE288D-CC7F-47D4-8A2A-2764101BC5E6}.Release|x86.ActiveCfg = Release|x86
		{5ACE288D-CC7F-47D4-8A2A-2764101BC5E6}.Release|x86.Build.0 = Release|x86
	EndGlobalSection
	GlobalSection(SolutionProperties) = preSolution
		HideSolutionNode = FALSE
	EndGlobalSection
	GlobalSection(NestedProjects) = preSolution
		{349CD8FE-3AF9-4EA5-9EA0-5318FB20E123} = {93BD55D2-78AD-41AC-9584-315A803C25F8}
		{2F5CE516-BF3B-4B33-951F-2DC8BCF08E43} = {93BD55D2-78AD-41AC-9584-315A803C25F8}
		{A7090218-547D-412B-A4F5-F80C8B4890F3} = {93BD55D2-78AD-41AC-9584-315A803C25F8}
		{9B8172A0-8896-4B96-A03D-6FF4043220DE} = {92A2A41A-A057-41B7-9549-A1E2EC8A94A4}
		{A5C2B4E5-1758-4B14-800E-E3F2AA64EA64} = {93BD55D2-78AD-41AC-9584-315A803C25F8}
		{4D5DF694-026F-4E49-926C-45A453573191} = {92A2A41A-A057-41B7-9549-A1E2EC8A94A4}
		{7F6BB180-3B8C-4761-8BB6-E7562FB37895} = {93BD55D2-78AD-41AC-9584-315A803C25F8}
		{42800156-F7F8-41C8-90F4-95B89CCADA1F} = {92A2A41A-A057-41B7-9549-A1E2EC8A94A4}
		{64AC0A2F-B6D4-45C8-812B-AAC0BAEC1D11} = {93BD55D2-78AD-41AC-9584-315A803C25F8}
		{760CDEE8-D145-4D26-9AD8-6DE0ABBC3BE9} = {92A2A41A-A057-41B7-9549-A1E2EC8A94A4}
		{7F9C8753-4953-47B3-B8C4-D3170D80E10A} = {92A2A41A-A057-41B7-9549-A1E2EC8A94A4}
		{24D09D6E-5221-4612-8A93-06F2EAA35401} = {92A2A41A-A057-41B7-9549-A1E2EC8A94A4}
		{6C9A9D70-DD9C-4380-B915-6B1AB23E00DF} = {93BD55D2-78AD-41AC-9584-315A803C25F8}
		{354E5594-846B-499E-BCE6-2E8DE93B928C} = {93BD55D2-78AD-41AC-9584-315A803C25F8}
		{5ACE288D-CC7F-47D4-8A2A-2764101BC5E6} = {93BD55D2-78AD-41AC-9584-315A803C25F8}
	EndGlobalSection
	GlobalSection(ExtensibilityGlobals) = postSolution
		SolutionGuid = {0977DE7D-5323-406A-99E2-717CCC3723D2}
	EndGlobalSection
EndGlobal
