
Microsoft Visual Studio Solution File, Format Version 12.00
# Visual Studio 15
VisualStudioVersion = 15.0.27130.2024
MinimumVisualStudioVersion = 10.0.40219.1
Project("{2150E333-8FDC-42A3-9474-1A3956D46DE8}") = "src", "src", "{93BD55D2-78AD-41AC-9584-315A803C25F8}"
EndProject
Project("{2150E333-8FDC-42A3-9474-1A3956D46DE8}") = "test", "test", "{92A2A41A-A057-41B7-9549-A1E2EC8A94A4}"
EndProject
Project("{FAE04EC0-301F-11D3-BF4B-00C04F79EFBC}") = "StoryTree.Gui", "src\StoryTree.Gui\StoryTree.Gui.csproj", "{349CD8FE-3AF9-4EA5-9EA0-5318FB20E123}"
EndProject
Project("{FAE04EC0-301F-11D3-BF4B-00C04F79EFBC}") = "StoryTree.Data", "src\StoryTree.Data\StoryTree.Data.csproj", "{2F5CE516-BF3B-4B33-951F-2DC8BCF08E43}"
EndProject
Project("{FAE04EC0-301F-11D3-BF4B-00C04F79EFBC}") = "StoryTree.Calculators", "src\StoryTree.Calculators\StoryTree.Calculators.csproj", "{A7090218-547D-412B-A4F5-F80C8B4890F3}"
EndProject
Project("{FAE04EC0-301F-11D3-BF4B-00C04F79EFBC}") = "StoryTree.Calculators.Test", "test\StoryTree.Calculators.Test\StoryTree.Calculators.Test.csproj", "{9B8172A0-8896-4B96-A03D-6FF4043220DE}"
EndProject
Project("{FAE04EC0-301F-11D3-BF4B-00C04F79EFBC}") = "StoryTree.Storage", "src\StoryTree.Storage\StoryTree.Storage.csproj", "{A5C2B4E5-1758-4B14-800E-E3F2AA64EA64}"
EndProject
Project("{FAE04EC0-301F-11D3-BF4B-00C04F79EFBC}") = "StoryTree.Storage.Test", "test\StoryTree.Storage.Test\StoryTree.Storage.Test.csproj", "{4D5DF694-026F-4E49-926C-45A453573191}"
EndProject
Project("{FAE04EC0-301F-11D3-BF4B-00C04F79EFBC}") = "StoryTree.Storage.Preparation.Test", "test\StoryTree.Storage.Preparation.Test\StoryTree.Storage.Preparation.Test.csproj", "{88B89E7D-7E8F-4AC2-9EF2-F8CD5DC14BBB}"
EndProject
Project("{FAE04EC0-301F-11D3-BF4B-00C04F79EFBC}") = "StoryTree.Messaging", "src\StoryTree.Messaging\StoryTree.Messaging.csproj", "{7F6BB180-3B8C-4761-8BB6-E7562FB37895}"
EndProject
Global
	GlobalSection(SolutionConfigurationPlatforms) = preSolution
		Debug|Any CPU = Debug|Any CPU
		Release|Any CPU = Release|Any CPU
	EndGlobalSection
	GlobalSection(ProjectConfigurationPlatforms) = postSolution
		{349CD8FE-3AF9-4EA5-9EA0-5318FB20E123}.Debug|Any CPU.ActiveCfg = Debug|Any CPU
		{349CD8FE-3AF9-4EA5-9EA0-5318FB20E123}.Debug|Any CPU.Build.0 = Debug|Any CPU
		{349CD8FE-3AF9-4EA5-9EA0-5318FB20E123}.Release|Any CPU.ActiveCfg = Release|Any CPU
		{349CD8FE-3AF9-4EA5-9EA0-5318FB20E123}.Release|Any CPU.Build.0 = Release|Any CPU
		{2F5CE516-BF3B-4B33-951F-2DC8BCF08E43}.Debug|Any CPU.ActiveCfg = Debug|Any CPU
		{2F5CE516-BF3B-4B33-951F-2DC8BCF08E43}.Debug|Any CPU.Build.0 = Debug|Any CPU
		{2F5CE516-BF3B-4B33-951F-2DC8BCF08E43}.Release|Any CPU.ActiveCfg = Release|Any CPU
		{2F5CE516-BF3B-4B33-951F-2DC8BCF08E43}.Release|Any CPU.Build.0 = Release|Any CPU
		{A7090218-547D-412B-A4F5-F80C8B4890F3}.Debug|Any CPU.ActiveCfg = Debug|Any CPU
		{A7090218-547D-412B-A4F5-F80C8B4890F3}.Debug|Any CPU.Build.0 = Debug|Any CPU
		{A7090218-547D-412B-A4F5-F80C8B4890F3}.Release|Any CPU.ActiveCfg = Release|Any CPU
		{A7090218-547D-412B-A4F5-F80C8B4890F3}.Release|Any CPU.Build.0 = Release|Any CPU
		{9B8172A0-8896-4B96-A03D-6FF4043220DE}.Debug|Any CPU.ActiveCfg = Debug|Any CPU
		{9B8172A0-8896-4B96-A03D-6FF4043220DE}.Debug|Any CPU.Build.0 = Debug|Any CPU
		{9B8172A0-8896-4B96-A03D-6FF4043220DE}.Release|Any CPU.ActiveCfg = Release|Any CPU
		{9B8172A0-8896-4B96-A03D-6FF4043220DE}.Release|Any CPU.Build.0 = Release|Any CPU
		{A5C2B4E5-1758-4B14-800E-E3F2AA64EA64}.Debug|Any CPU.ActiveCfg = Debug|Any CPU
		{A5C2B4E5-1758-4B14-800E-E3F2AA64EA64}.Debug|Any CPU.Build.0 = Debug|Any CPU
		{A5C2B4E5-1758-4B14-800E-E3F2AA64EA64}.Release|Any CPU.ActiveCfg = Release|Any CPU
		{A5C2B4E5-1758-4B14-800E-E3F2AA64EA64}.Release|Any CPU.Build.0 = Release|Any CPU
		{4D5DF694-026F-4E49-926C-45A453573191}.Debug|Any CPU.ActiveCfg = Debug|Any CPU
		{4D5DF694-026F-4E49-926C-45A453573191}.Debug|Any CPU.Build.0 = Debug|Any CPU
		{4D5DF694-026F-4E49-926C-45A453573191}.Release|Any CPU.ActiveCfg = Release|Any CPU
		{4D5DF694-026F-4E49-926C-45A453573191}.Release|Any CPU.Build.0 = Release|Any CPU
		{88B89E7D-7E8F-4AC2-9EF2-F8CD5DC14BBB}.Debug|Any CPU.ActiveCfg = Debug|Any CPU
		{88B89E7D-7E8F-4AC2-9EF2-F8CD5DC14BBB}.Debug|Any CPU.Build.0 = Debug|Any CPU
		{88B89E7D-7E8F-4AC2-9EF2-F8CD5DC14BBB}.Release|Any CPU.ActiveCfg = Release|Any CPU
		{88B89E7D-7E8F-4AC2-9EF2-F8CD5DC14BBB}.Release|Any CPU.Build.0 = Release|Any CPU
		{7F6BB180-3B8C-4761-8BB6-E7562FB37895}.Debug|Any CPU.ActiveCfg = Debug|Any CPU
		{7F6BB180-3B8C-4761-8BB6-E7562FB37895}.Debug|Any CPU.Build.0 = Debug|Any CPU
		{7F6BB180-3B8C-4761-8BB6-E7562FB37895}.Release|Any CPU.ActiveCfg = Release|Any CPU
		{7F6BB180-3B8C-4761-8BB6-E7562FB37895}.Release|Any CPU.Build.0 = Release|Any CPU
	EndGlobalSection
	GlobalSection(SolutionProperties) = preSolution
		HideSolutionNode = FALSE
	EndGlobalSection
	GlobalSection(NestedProjects) = preSolution
		{349CD8FE-3AF9-4EA5-9EA0-5318FB20E123} = {93BD55D2-78AD-41AC-9584-315A803C25F8}
		{2F5CE516-BF3B-4B33-951F-2DC8BCF08E43} = {93BD55D2-78AD-41AC-9584-315A803C25F8}
		{A7090218-547D-412B-A4F5-F80C8B4890F3} = {93BD55D2-78AD-41AC-9584-315A803C25F8}
		{9B8172A0-8896-4B96-A03D-6FF4043220DE} = {92A2A41A-A057-41B7-9549-A1E2EC8A94A4}
		{A5C2B4E5-1758-4B14-800E-E3F2AA64EA64} = {93BD55D2-78AD-41AC-9584-315A803C25F8}
		{4D5DF694-026F-4E49-926C-45A453573191} = {92A2A41A-A057-41B7-9549-A1E2EC8A94A4}
		{88B89E7D-7E8F-4AC2-9EF2-F8CD5DC14BBB} = {92A2A41A-A057-41B7-9549-A1E2EC8A94A4}
		{7F6BB180-3B8C-4761-8BB6-E7562FB37895} = {93BD55D2-78AD-41AC-9584-315A803C25F8}
	EndGlobalSection
	GlobalSection(ExtensibilityGlobals) = postSolution
		SolutionGuid = {0977DE7D-5323-406A-99E2-717CCC3723D2}
	EndGlobalSection
EndGlobal
