
Microsoft Visual Studio Solution File, Format Version 12.00
# Visual Studio 15
VisualStudioVersion = 15.0.27130.2024
MinimumVisualStudioVersion = 10.0.40219.1
Project("{2150E333-8FDC-42A3-9474-1A3956D46DE8}") = "src", "src", "{93BD55D2-78AD-41AC-9584-315A803C25F8}"
EndProject
Project("{2150E333-8FDC-42A3-9474-1A3956D46DE8}") = "test", "test", "{92A2A41A-A057-41B7-9549-A1E2EC8A94A4}"
EndProject
Project("{FAE04EC0-301F-11D3-BF4B-00C04F79EFBC}") = "StoryTree.Gui", "src\StoryTree.Gui\StoryTree.Gui.csproj", "{349CD8FE-3AF9-4EA5-9EA0-5318FB20E123}"
EndProject
Project("{FAE04EC0-301F-11D3-BF4B-00C04F79EFBC}") = "StoryTree.Data", "src\StoryTree.Data\StoryTree.Data.csproj", "{2F5CE516-BF3B-4B33-951F-2DC8BCF08E43}"
EndProject
Project("{FAE04EC0-301F-11D3-BF4B-00C04F79EFBC}") = "StoryTree.Calculators", "src\StoryTree.Calculators\StoryTree.Calculators.csproj", "{A7090218-547D-412B-A4F5-F80C8B4890F3}"
EndProject
Project("{FAE04EC0-301F-11D3-BF4B-00C04F79EFBC}") = "StoryTree.Calculators.Test", "test\StoryTree.Calculators.Test\StoryTree.Calculators.Test.csproj", "{9B8172A0-8896-4B96-A03D-6FF4043220DE}"
EndProject
Project("{FAE04EC0-301F-11D3-BF4B-00C04F79EFBC}") = "StoryTree.Storage", "src\StoryTree.Storage\StoryTree.Storage.csproj", "{A5C2B4E5-1758-4B14-800E-E3F2AA64EA64}"
EndProject
Project("{FAE04EC0-301F-11D3-BF4B-00C04F79EFBC}") = "StoryTree.Storage.Test", "test\StoryTree.Storage.Test\StoryTree.Storage.Test.csproj", "{4D5DF694-026F-4E49-926C-45A453573191}"
EndProject
Project("{FAE04EC0-301F-11D3-BF4B-00C04F79EFBC}") = "StoryTree.Storage.Preparation.Test", "test\StoryTree.Storage.Preparation.Test\StoryTree.Storage.Preparation.Test.csproj", "{88B89E7D-7E8F-4AC2-9EF2-F8CD5DC14BBB}"
EndProject
Project("{FAE04EC0-301F-11D3-BF4B-00C04F79EFBC}") = "StoryTree.Messaging", "src\StoryTree.Messaging\StoryTree.Messaging.csproj", "{7F6BB180-3B8C-4761-8BB6-E7562FB37895}"
EndProject
Project("{FAE04EC0-301F-11D3-BF4B-00C04F79EFBC}") = "StoryTree.Gui.Test", "test\StoryTree.Gui.Test\StoryTree.Gui.Test.csproj", "{42800156-F7F8-41C8-90F4-95B89CCADA1F}"
EndProject
Project("{FAE04EC0-301F-11D3-BF4B-00C04F79EFBC}") = "StoryTree.IO", "src\StoryTree.IO\StoryTree.IO.csproj", "{64AC0A2F-B6D4-45C8-812B-AAC0BAEC1D11}"
EndProject
Project("{FAE04EC0-301F-11D3-BF4B-00C04F79EFBC}") = "StoryTree.IO.Test", "test\StoryTree.IO.Test\StoryTree.IO.Test.csproj", "{760CDEE8-D145-4D26-9AD8-6DE0ABBC3BE9}"
EndProject
Project("{930C7802-8A8C-48F9-8165-68863BCCD9DD}") = "StoryTree.Setup", "src\StoryTree.Setup\StoryTree.Setup.wixproj", "{A58F8212-C5F1-4BA9-B4B4-5633E7AB5AB5}"
EndProject
Project("{FAE04EC0-301F-11D3-BF4B-00C04F79EFBC}") = "StoryTree.Data.Test", "test\StoryTree.Data.Test\StoryTree.Data.Test.csproj", "{7F9C8753-4953-47B3-B8C4-D3170D80E10A}"
EndProject
Global
	GlobalSection(SolutionConfigurationPlatforms) = preSolution
		Debug|x86 = Debug|x86
		Release|x86 = Release|x86
	EndGlobalSection
	GlobalSection(ProjectConfigurationPlatforms) = postSolution
		{349CD8FE-3AF9-4EA5-9EA0-5318FB20E123}.Debug|x86.ActiveCfg = Debug|x86
		{349CD8FE-3AF9-4EA5-9EA0-5318FB20E123}.Debug|x86.Build.0 = Debug|x86
		{349CD8FE-3AF9-4EA5-9EA0-5318FB20E123}.Release|x86.ActiveCfg = Release|x86
		{349CD8FE-3AF9-4EA5-9EA0-5318FB20E123}.Release|x86.Build.0 = Release|x86
		{2F5CE516-BF3B-4B33-951F-2DC8BCF08E43}.Debug|x86.ActiveCfg = Debug|x86
		{2F5CE516-BF3B-4B33-951F-2DC8BCF08E43}.Debug|x86.Build.0 = Debug|x86
		{2F5CE516-BF3B-4B33-951F-2DC8BCF08E43}.Release|x86.ActiveCfg = Release|x86
		{2F5CE516-BF3B-4B33-951F-2DC8BCF08E43}.Release|x86.Build.0 = Release|x86
		{A7090218-547D-412B-A4F5-F80C8B4890F3}.Debug|x86.ActiveCfg = Debug|x86
		{A7090218-547D-412B-A4F5-F80C8B4890F3}.Debug|x86.Build.0 = Debug|x86
		{A7090218-547D-412B-A4F5-F80C8B4890F3}.Release|x86.ActiveCfg = Release|x86
		{A7090218-547D-412B-A4F5-F80C8B4890F3}.Release|x86.Build.0 = Release|x86
		{9B8172A0-8896-4B96-A03D-6FF4043220DE}.Debug|x86.ActiveCfg = Debug|x86
		{9B8172A0-8896-4B96-A03D-6FF4043220DE}.Debug|x86.Build.0 = Debug|x86
		{9B8172A0-8896-4B96-A03D-6FF4043220DE}.Release|x86.ActiveCfg = Release|x86
		{9B8172A0-8896-4B96-A03D-6FF4043220DE}.Release|x86.Build.0 = Release|x86
		{A5C2B4E5-1758-4B14-800E-E3F2AA64EA64}.Debug|x86.ActiveCfg = Debug|x86
		{A5C2B4E5-1758-4B14-800E-E3F2AA64EA64}.Debug|x86.Build.0 = Debug|x86
		{A5C2B4E5-1758-4B14-800E-E3F2AA64EA64}.Release|x86.ActiveCfg = Release|x86
		{A5C2B4E5-1758-4B14-800E-E3F2AA64EA64}.Release|x86.Build.0 = Release|x86
		{4D5DF694-026F-4E49-926C-45A453573191}.Debug|x86.ActiveCfg = Debug|x86
		{4D5DF694-026F-4E49-926C-45A453573191}.Debug|x86.Build.0 = Debug|x86
		{4D5DF694-026F-4E49-926C-45A453573191}.Release|x86.ActiveCfg = Release|x86
		{4D5DF694-026F-4E49-926C-45A453573191}.Release|x86.Build.0 = Release|x86
		{88B89E7D-7E8F-4AC2-9EF2-F8CD5DC14BBB}.Debug|x86.ActiveCfg = Debug|x86
		{88B89E7D-7E8F-4AC2-9EF2-F8CD5DC14BBB}.Debug|x86.Build.0 = Debug|x86
		{88B89E7D-7E8F-4AC2-9EF2-F8CD5DC14BBB}.Release|x86.ActiveCfg = Release|x86
		{88B89E7D-7E8F-4AC2-9EF2-F8CD5DC14BBB}.Release|x86.Build.0 = Release|x86
		{7F6BB180-3B8C-4761-8BB6-E7562FB37895}.Debug|x86.ActiveCfg = Debug|x86
		{7F6BB180-3B8C-4761-8BB6-E7562FB37895}.Debug|x86.Build.0 = Debug|x86
		{7F6BB180-3B8C-4761-8BB6-E7562FB37895}.Release|x86.ActiveCfg = Release|x86
		{7F6BB180-3B8C-4761-8BB6-E7562FB37895}.Release|x86.Build.0 = Release|x86
		{42800156-F7F8-41C8-90F4-95B89CCADA1F}.Debug|x86.ActiveCfg = Debug|x86
		{42800156-F7F8-41C8-90F4-95B89CCADA1F}.Debug|x86.Build.0 = Debug|x86
		{42800156-F7F8-41C8-90F4-95B89CCADA1F}.Release|x86.ActiveCfg = Release|x86
		{42800156-F7F8-41C8-90F4-95B89CCADA1F}.Release|x86.Build.0 = Release|x86
		{64AC0A2F-B6D4-45C8-812B-AAC0BAEC1D11}.Debug|x86.ActiveCfg = Debug|x86
		{64AC0A2F-B6D4-45C8-812B-AAC0BAEC1D11}.Debug|x86.Build.0 = Debug|x86
		{64AC0A2F-B6D4-45C8-812B-AAC0BAEC1D11}.Release|x86.ActiveCfg = Release|x86
		{64AC0A2F-B6D4-45C8-812B-AAC0BAEC1D11}.Release|x86.Build.0 = Release|x86
		{760CDEE8-D145-4D26-9AD8-6DE0ABBC3BE9}.Debug|x86.ActiveCfg = Debug|x86
		{760CDEE8-D145-4D26-9AD8-6DE0ABBC3BE9}.Debug|x86.Build.0 = Debug|x86
		{760CDEE8-D145-4D26-9AD8-6DE0ABBC3BE9}.Release|x86.ActiveCfg = Release|x86
		{760CDEE8-D145-4D26-9AD8-6DE0ABBC3BE9}.Release|x86.Build.0 = Release|x86
		{A58F8212-C5F1-4BA9-B4B4-5633E7AB5AB5}.Debug|x86.ActiveCfg = Debug|x86
		{A58F8212-C5F1-4BA9-B4B4-5633E7AB5AB5}.Debug|x86.Build.0 = Debug|x86
		{A58F8212-C5F1-4BA9-B4B4-5633E7AB5AB5}.Release|x86.ActiveCfg = Release|x86
		{A58F8212-C5F1-4BA9-B4B4-5633E7AB5AB5}.Release|x86.Build.0 = Release|x86
		{7F9C8753-4953-47B3-B8C4-D3170D80E10A}.Debug|x86.ActiveCfg = Debug|x86
		{7F9C8753-4953-47B3-B8C4-D3170D80E10A}.Debug|x86.Build.0 = Debug|x86
		{7F9C8753-4953-47B3-B8C4-D3170D80E10A}.Release|x86.ActiveCfg = Release|x86
		{7F9C8753-4953-47B3-B8C4-D3170D80E10A}.Release|x86.Build.0 = Release|x86
	EndGlobalSection
	GlobalSection(SolutionProperties) = preSolution
		HideSolutionNode = FALSE
	EndGlobalSection
	GlobalSection(NestedProjects) = preSolution
		{349CD8FE-3AF9-4EA5-9EA0-5318FB20E123} = {93BD55D2-78AD-41AC-9584-315A803C25F8}
		{2F5CE516-BF3B-4B33-951F-2DC8BCF08E43} = {93BD55D2-78AD-41AC-9584-315A803C25F8}
		{A7090218-547D-412B-A4F5-F80C8B4890F3} = {93BD55D2-78AD-41AC-9584-315A803C25F8}
		{9B8172A0-8896-4B96-A03D-6FF4043220DE} = {92A2A41A-A057-41B7-9549-A1E2EC8A94A4}
		{A5C2B4E5-1758-4B14-800E-E3F2AA64EA64} = {93BD55D2-78AD-41AC-9584-315A803C25F8}
		{4D5DF694-026F-4E49-926C-45A453573191} = {92A2A41A-A057-41B7-9549-A1E2EC8A94A4}
		{88B89E7D-7E8F-4AC2-9EF2-F8CD5DC14BBB} = {92A2A41A-A057-41B7-9549-A1E2EC8A94A4}
		{7F6BB180-3B8C-4761-8BB6-E7562FB37895} = {93BD55D2-78AD-41AC-9584-315A803C25F8}
		{42800156-F7F8-41C8-90F4-95B89CCADA1F} = {92A2A41A-A057-41B7-9549-A1E2EC8A94A4}
		{64AC0A2F-B6D4-45C8-812B-AAC0BAEC1D11} = {93BD55D2-78AD-41AC-9584-315A803C25F8}
		{760CDEE8-D145-4D26-9AD8-6DE0ABBC3BE9} = {92A2A41A-A057-41B7-9549-A1E2EC8A94A4}
		{A58F8212-C5F1-4BA9-B4B4-5633E7AB5AB5} = {93BD55D2-78AD-41AC-9584-315A803C25F8}
		{7F9C8753-4953-47B3-B8C4-D3170D80E10A} = {92A2A41A-A057-41B7-9549-A1E2EC8A94A4}
	EndGlobalSection
	GlobalSection(ExtensibilityGlobals) = postSolution
		SolutionGuid = {0977DE7D-5323-406A-99E2-717CCC3723D2}
	EndGlobalSection
EndGlobal
